
Microsoft Visual Studio Solution File, Format Version 12.00
# Visual Studio Version 17
VisualStudioVersion = 17.1.32319.34
MinimumVisualStudioVersion = 10.0.40219.1
Project("{FAE04EC0-301F-11D3-BF4B-00C04F79EFBC}") = "WinFormsApp1", "WinFormsApp1\WinFormsApp1.csproj", "{C164BB8E-1DED-446E-8A25-62BAA4F12575}"
EndProject
Global
	GlobalSection(SolutionConfigurationPlatforms) = preSolution
		Debug|Any CPU = Debug|Any CPU
		Release|Any CPU = Release|Any CPU
	EndGlobalSection
	GlobalSection(ProjectConfigurationPlatforms) = postSolution
		{C164BB8E-1DED-446E-8A25-62BAA4F12575}.Debug|Any CPU.ActiveCfg = Debug|Any CPU
		{C164BB8E-1DED-446E-8A25-62BAA4F12575}.Debug|Any CPU.Build.0 = Debug|Any CPU
		{C164BB8E-1DED-446E-8A25-62BAA4F12575}.Release|Any CPU.ActiveCfg = Release|Any CPU
		{C164BB8E-1DED-446E-8A25-62BAA4F12575}.Release|Any CPU.Build.0 = Release|Any CPU
	EndGlobalSection
	GlobalSection(SolutionProperties) = preSolution
		HideSolutionNode = FALSE
	EndGlobalSection
	GlobalSection(ExtensibilityGlobals) = postSolution
		SolutionGuid = {A5258798-D395-42AC-8018-08AB4E1C7171}
	EndGlobalSection
EndGlobal
