
Microsoft Visual Studio Solution File, Format Version 12.00
# Visual Studio Version 17
VisualStudioVersion = 17.1.32319.34
MinimumVisualStudioVersion = 10.0.40219.1
Project("{FAE04EC0-301F-11D3-BF4B-00C04F79EFBC}") = "WinFormsApp2", "WinFormsApp2\WinFormsApp2.csproj", "{D597AC5E-0E3F-4930-ACF1-E28E1FAC88BD}"
EndProject
Global
	GlobalSection(SolutionConfigurationPlatforms) = preSolution
		Debug|Any CPU = Debug|Any CPU
		Release|Any CPU = Release|Any CPU
	EndGlobalSection
	GlobalSection(ProjectConfigurationPlatforms) = postSolution
		{D597AC5E-0E3F-4930-ACF1-E28E1FAC88BD}.Debug|Any CPU.ActiveCfg = Debug|Any CPU
		{D597AC5E-0E3F-4930-ACF1-E28E1FAC88BD}.Debug|Any CPU.Build.0 = Debug|Any CPU
		{D597AC5E-0E3F-4930-ACF1-E28E1FAC88BD}.Release|Any CPU.ActiveCfg = Release|Any CPU
		{D597AC5E-0E3F-4930-ACF1-E28E1FAC88BD}.Release|Any CPU.Build.0 = Release|Any CPU
	EndGlobalSection
	GlobalSection(SolutionProperties) = preSolution
		HideSolutionNode = FALSE
	EndGlobalSection
	GlobalSection(ExtensibilityGlobals) = postSolution
		SolutionGuid = {A79F51BB-741A-4056-99F6-D0E361B5246C}
	EndGlobalSection
EndGlobal
