
Microsoft Visual Studio Solution File, Format Version 12.00
# Visual Studio Version 17
VisualStudioVersion = 17.1.32319.34
MinimumVisualStudioVersion = 10.0.40219.1
Project("{FAE04EC0-301F-11D3-BF4B-00C04F79EFBC}") = "T13_MiniProjeto", "T13_MiniProjeto\T13_MiniProjeto.csproj", "{C2040D36-D219-4108-9663-5DB3EDDA16C9}"
EndProject
Global
	GlobalSection(SolutionConfigurationPlatforms) = preSolution
		Debug|Any CPU = Debug|Any CPU
		Release|Any CPU = Release|Any CPU
	EndGlobalSection
	GlobalSection(ProjectConfigurationPlatforms) = postSolution
		{C2040D36-D219-4108-9663-5DB3EDDA16C9}.Debug|Any CPU.ActiveCfg = Debug|Any CPU
		{C2040D36-D219-4108-9663-5DB3EDDA16C9}.Debug|Any CPU.Build.0 = Debug|Any CPU
		{C2040D36-D219-4108-9663-5DB3EDDA16C9}.Release|Any CPU.ActiveCfg = Release|Any CPU
		{C2040D36-D219-4108-9663-5DB3EDDA16C9}.Release|Any CPU.Build.0 = Release|Any CPU
	EndGlobalSection
	GlobalSection(SolutionProperties) = preSolution
		HideSolutionNode = FALSE
	EndGlobalSection
	GlobalSection(ExtensibilityGlobals) = postSolution
		SolutionGuid = {EB18E438-A221-4309-B9CA-1D1A333B66E5}
	EndGlobalSection
EndGlobal
